// !$*UTF8*$!
{
	archiveVersion = 1;
	classes = {
	};
	objectVersion = 46;
	objects = {

/* Begin PBXBuildFile section */
		421A3C2219C5D585009B674D /* SwiftyJSON.swift in Sources */ = {isa = PBXBuildFile; fileRef = 421A3C2119C5D585009B674D /* SwiftyJSON.swift */; };
		421A3C2419C5DBE6009B674D /* BundleViewController.swift in Sources */ = {isa = PBXBuildFile; fileRef = 421A3C2319C5DBE6009B674D /* BundleViewController.swift */; };
		421A3C2819C5EB2E009B674D /* Dollar.swift in Sources */ = {isa = PBXBuildFile; fileRef = 421A3C2719C5EB2E009B674D /* Dollar.swift */; };
		4253C5D219C45C050073F454 /* AppDelegate.swift in Sources */ = {isa = PBXBuildFile; fileRef = 4253C5D119C45C050073F454 /* AppDelegate.swift */; };
		4253C5D419C45C050073F454 /* SearchViewController.swift in Sources */ = {isa = PBXBuildFile; fileRef = 4253C5D319C45C050073F454 /* SearchViewController.swift */; };
		4253C5D719C45C050073F454 /* Main.storyboard in Resources */ = {isa = PBXBuildFile; fileRef = 4253C5D519C45C050073F454 /* Main.storyboard */; };
		4253C5D919C45C050073F454 /* Images.xcassets in Resources */ = {isa = PBXBuildFile; fileRef = 4253C5D819C45C050073F454 /* Images.xcassets */; };
		4253C5E819C45C050073F454 /* DisasterTests.swift in Sources */ = {isa = PBXBuildFile; fileRef = 4253C5E719C45C050073F454 /* DisasterTests.swift */; };
		42739BCA19C4B3B3005C0955 /* DRMU.swift in Sources */ = {isa = PBXBuildFile; fileRef = 42739BC919C4B3B3005C0955 /* DRMU.swift */; };
/* End PBXBuildFile section */

/* Begin PBXContainerItemProxy section */
		4253C5E219C45C050073F454 /* PBXContainerItemProxy */ = {
			isa = PBXContainerItemProxy;
			containerPortal = 4253C5C419C45C040073F454 /* Project object */;
			proxyType = 1;
			remoteGlobalIDString = 4253C5CB19C45C040073F454;
			remoteInfo = Disaster;
		};
/* End PBXContainerItemProxy section */

/* Begin PBXFileReference section */
		421A3C2119C5D585009B674D /* SwiftyJSON.swift */ = {isa = PBXFileReference; fileEncoding = 4; lastKnownFileType = sourcecode.swift; name = SwiftyJSON.swift; path = Vendor/SwiftyJSON/SwiftyJSON/SwiftyJSON.swift; sourceTree = SOURCE_ROOT; };
		421A3C2319C5DBE6009B674D /* BundleViewController.swift */ = {isa = PBXFileReference; fileEncoding = 4; lastKnownFileType = sourcecode.swift; path = BundleViewController.swift; sourceTree = "<group>"; };
		421A3C2719C5EB2E009B674D /* Dollar.swift */ = {isa = PBXFileReference; fileEncoding = 4; lastKnownFileType = sourcecode.swift; name = Dollar.swift; path = Vendor/Dollar.swift/Dollar/Dollar/Dollar.swift; sourceTree = SOURCE_ROOT; };
		4253C5CC19C45C040073F454 /* Disaster.app */ = {isa = PBXFileReference; explicitFileType = wrapper.application; includeInIndex = 0; path = Disaster.app; sourceTree = BUILT_PRODUCTS_DIR; };
		4253C5D019C45C050073F454 /* Info.plist */ = {isa = PBXFileReference; lastKnownFileType = text.plist.xml; path = Info.plist; sourceTree = "<group>"; };
		4253C5D119C45C050073F454 /* AppDelegate.swift */ = {isa = PBXFileReference; lastKnownFileType = sourcecode.swift; path = AppDelegate.swift; sourceTree = "<group>"; };
		4253C5D319C45C050073F454 /* SearchViewController.swift */ = {isa = PBXFileReference; lastKnownFileType = sourcecode.swift; path = SearchViewController.swift; sourceTree = "<group>"; };
		4253C5D619C45C050073F454 /* Base */ = {isa = PBXFileReference; lastKnownFileType = file.storyboard; name = Base; path = Base.lproj/Main.storyboard; sourceTree = "<group>"; };
		4253C5D819C45C050073F454 /* Images.xcassets */ = {isa = PBXFileReference; lastKnownFileType = folder.assetcatalog; path = Images.xcassets; sourceTree = "<group>"; };
		4253C5E119C45C050073F454 /* DisasterTests.xctest */ = {isa = PBXFileReference; explicitFileType = wrapper.cfbundle; includeInIndex = 0; path = DisasterTests.xctest; sourceTree = BUILT_PRODUCTS_DIR; };
		4253C5E619C45C050073F454 /* Info.plist */ = {isa = PBXFileReference; lastKnownFileType = text.plist.xml; path = Info.plist; sourceTree = "<group>"; };
		4253C5E719C45C050073F454 /* DisasterTests.swift */ = {isa = PBXFileReference; lastKnownFileType = sourcecode.swift; path = DisasterTests.swift; sourceTree = "<group>"; };
		42739BC919C4B3B3005C0955 /* DRMU.swift */ = {isa = PBXFileReference; fileEncoding = 4; lastKnownFileType = sourcecode.swift; path = DRMU.swift; sourceTree = "<group>"; };
/* End PBXFileReference section */

/* Begin PBXFrameworksBuildPhase section */
		4253C5C919C45C040073F454 /* Frameworks */ = {
			isa = PBXFrameworksBuildPhase;
			buildActionMask = 2147483647;
			files = (
			);
			runOnlyForDeploymentPostprocessing = 0;
		};
		4253C5DE19C45C050073F454 /* Frameworks */ = {
			isa = PBXFrameworksBuildPhase;
			buildActionMask = 2147483647;
			files = (
			);
			runOnlyForDeploymentPostprocessing = 0;
		};
/* End PBXFrameworksBuildPhase section */

/* Begin PBXGroup section */
		421A3C2019C5D564009B674D /* Vendor */ = {
			isa = PBXGroup;
			children = (
				421A3C2119C5D585009B674D /* SwiftyJSON.swift */,
			);
			name = Vendor;
			sourceTree = "<group>";
		};
		421A3C2519C5DC35009B674D /* Controllers */ = {
			isa = PBXGroup;
			children = (
				421A3C2319C5DBE6009B674D /* BundleViewController.swift */,
				4253C5D319C45C050073F454 /* SearchViewController.swift */,
			);
			name = Controllers;
			sourceTree = "<group>";
		};
		421A3C2619C5DC43009B674D /* Lib */ = {
			isa = PBXGroup;
			children = (
				42739BC919C4B3B3005C0955 /* DRMU.swift */,
				421A3C2719C5EB2E009B674D /* Dollar.swift */,
			);
			name = Lib;
			sourceTree = "<group>";
		};
		4253C5C319C45C040073F454 = {
			isa = PBXGroup;
			children = (
				4253C5CE19C45C040073F454 /* Disaster */,
				4253C5E419C45C050073F454 /* DisasterTests */,
				4253C5CD19C45C040073F454 /* Products */,
			);
			sourceTree = "<group>";
		};
		4253C5CD19C45C040073F454 /* Products */ = {
			isa = PBXGroup;
			children = (
				4253C5CC19C45C040073F454 /* Disaster.app */,
				4253C5E119C45C050073F454 /* DisasterTests.xctest */,
			);
			name = Products;
			sourceTree = "<group>";
		};
		4253C5CE19C45C040073F454 /* Disaster */ = {
			isa = PBXGroup;
			children = (
				4253C5D119C45C050073F454 /* AppDelegate.swift */,
				421A3C2519C5DC35009B674D /* Controllers */,
				4253C5D819C45C050073F454 /* Images.xcassets */,
				421A3C2619C5DC43009B674D /* Lib */,
				4253C5D519C45C050073F454 /* Main.storyboard */,
				4253C5CF19C45C050073F454 /* Supporting Files */,
				421A3C2019C5D564009B674D /* Vendor */,
			);
			path = Disaster;
			sourceTree = "<group>";
		};
		4253C5CF19C45C050073F454 /* Supporting Files */ = {
			isa = PBXGroup;
			children = (
				4253C5D019C45C050073F454 /* Info.plist */,
			);
			name = "Supporting Files";
			sourceTree = "<group>";
		};
		4253C5E419C45C050073F454 /* DisasterTests */ = {
			isa = PBXGroup;
			children = (
				4253C5E719C45C050073F454 /* DisasterTests.swift */,
				4253C5E519C45C050073F454 /* Supporting Files */,
			);
			path = DisasterTests;
			sourceTree = "<group>";
		};
		4253C5E519C45C050073F454 /* Supporting Files */ = {
			isa = PBXGroup;
			children = (
				4253C5E619C45C050073F454 /* Info.plist */,
			);
			name = "Supporting Files";
			sourceTree = "<group>";
		};
/* End PBXGroup section */

/* Begin PBXNativeTarget section */
		4253C5CB19C45C040073F454 /* Disaster */ = {
			isa = PBXNativeTarget;
			buildConfigurationList = 4253C5EB19C45C050073F454 /* Build configuration list for PBXNativeTarget "Disaster" */;
			buildPhases = (
				4253C5C819C45C040073F454 /* Sources */,
				4253C5C919C45C040073F454 /* Frameworks */,
				4253C5CA19C45C040073F454 /* Resources */,
			);
			buildRules = (
			);
			dependencies = (
			);
			name = Disaster;
			productName = Disaster;
			productReference = 4253C5CC19C45C040073F454 /* Disaster.app */;
			productType = "com.apple.product-type.application";
		};
		4253C5E019C45C050073F454 /* DisasterTests */ = {
			isa = PBXNativeTarget;
			buildConfigurationList = 4253C5EE19C45C050073F454 /* Build configuration list for PBXNativeTarget "DisasterTests" */;
			buildPhases = (
				4253C5DD19C45C050073F454 /* Sources */,
				4253C5DE19C45C050073F454 /* Frameworks */,
				4253C5DF19C45C050073F454 /* Resources */,
			);
			buildRules = (
			);
			dependencies = (
				4253C5E319C45C050073F454 /* PBXTargetDependency */,
			);
			name = DisasterTests;
			productName = DisasterTests;
			productReference = 4253C5E119C45C050073F454 /* DisasterTests.xctest */;
			productType = "com.apple.product-type.bundle.unit-test";
		};
/* End PBXNativeTarget section */

/* Begin PBXProject section */
		4253C5C419C45C040073F454 /* Project object */ = {
			isa = PBXProject;
			attributes = {
				LastUpgradeCheck = 0600;
				ORGANIZATIONNAME = BRNBW;
				TargetAttributes = {
					4253C5CB19C45C040073F454 = {
						CreatedOnToolsVersion = 6.0;
					};
					4253C5E019C45C050073F454 = {
						CreatedOnToolsVersion = 6.0;
						TestTargetID = 4253C5CB19C45C040073F454;
					};
				};
			};
			buildConfigurationList = 4253C5C719C45C040073F454 /* Build configuration list for PBXProject "Disaster" */;
			compatibilityVersion = "Xcode 3.2";
			developmentRegion = English;
			hasScannedForEncodings = 0;
			knownRegions = (
				en,
				Base,
			);
			mainGroup = 4253C5C319C45C040073F454;
			productRefGroup = 4253C5CD19C45C040073F454 /* Products */;
			projectDirPath = "";
			projectRoot = "";
			targets = (
				4253C5CB19C45C040073F454 /* Disaster */,
				4253C5E019C45C050073F454 /* DisasterTests */,
			);
		};
/* End PBXProject section */

/* Begin PBXResourcesBuildPhase section */
		4253C5CA19C45C040073F454 /* Resources */ = {
			isa = PBXResourcesBuildPhase;
			buildActionMask = 2147483647;
			files = (
				4253C5D719C45C050073F454 /* Main.storyboard in Resources */,
				4253C5D919C45C050073F454 /* Images.xcassets in Resources */,
			);
			runOnlyForDeploymentPostprocessing = 0;
		};
		4253C5DF19C45C050073F454 /* Resources */ = {
			isa = PBXResourcesBuildPhase;
			buildActionMask = 2147483647;
			files = (
			);
			runOnlyForDeploymentPostprocessing = 0;
		};
/* End PBXResourcesBuildPhase section */

/* Begin PBXSourcesBuildPhase section */
		4253C5C819C45C040073F454 /* Sources */ = {
			isa = PBXSourcesBuildPhase;
			buildActionMask = 2147483647;
			files = (
				4253C5D419C45C050073F454 /* SearchViewController.swift in Sources */,
				421A3C2819C5EB2E009B674D /* Dollar.swift in Sources */,
				421A3C2419C5DBE6009B674D /* BundleViewController.swift in Sources */,
				42739BCA19C4B3B3005C0955 /* DRMU.swift in Sources */,
				4253C5D219C45C050073F454 /* AppDelegate.swift in Sources */,
				421A3C2219C5D585009B674D /* SwiftyJSON.swift in Sources */,
			);
			runOnlyForDeploymentPostprocessing = 0;
		};
		4253C5DD19C45C050073F454 /* Sources */ = {
			isa = PBXSourcesBuildPhase;
			buildActionMask = 2147483647;
			files = (
				4253C5E819C45C050073F454 /* DisasterTests.swift in Sources */,
			);
			runOnlyForDeploymentPostprocessing = 0;
		};
/* End PBXSourcesBuildPhase section */

/* Begin PBXTargetDependency section */
		4253C5E319C45C050073F454 /* PBXTargetDependency */ = {
			isa = PBXTargetDependency;
			target = 4253C5CB19C45C040073F454 /* Disaster */;
			targetProxy = 4253C5E219C45C050073F454 /* PBXContainerItemProxy */;
		};
/* End PBXTargetDependency section */

/* Begin PBXVariantGroup section */
		4253C5D519C45C050073F454 /* Main.storyboard */ = {
			isa = PBXVariantGroup;
			children = (
				4253C5D619C45C050073F454 /* Base */,
			);
			name = Main.storyboard;
			sourceTree = "<group>";
		};
/* End PBXVariantGroup section */

/* Begin XCBuildConfiguration section */
		4253C5E919C45C050073F454 /* Debug */ = {
			isa = XCBuildConfiguration;
			buildSettings = {
				ALWAYS_SEARCH_USER_PATHS = NO;
				CLANG_CXX_LANGUAGE_STANDARD = "gnu++0x";
				CLANG_CXX_LIBRARY = "libc++";
				CLANG_ENABLE_MODULES = YES;
				CLANG_ENABLE_OBJC_ARC = YES;
				CLANG_WARN_BOOL_CONVERSION = YES;
				CLANG_WARN_CONSTANT_CONVERSION = YES;
				CLANG_WARN_DIRECT_OBJC_ISA_USAGE = YES_ERROR;
				CLANG_WARN_EMPTY_BODY = YES;
				CLANG_WARN_ENUM_CONVERSION = YES;
				CLANG_WARN_INT_CONVERSION = YES;
				CLANG_WARN_OBJC_ROOT_CLASS = YES_ERROR;
				CLANG_WARN_UNREACHABLE_CODE = YES;
				CLANG_WARN__DUPLICATE_METHOD_MATCH = YES;
				"CODE_SIGN_IDENTITY[sdk=iphoneos*]" = "iPhone Developer";
				COPY_PHASE_STRIP = NO;
				ENABLE_STRICT_OBJC_MSGSEND = YES;
				GCC_C_LANGUAGE_STANDARD = gnu99;
				GCC_DYNAMIC_NO_PIC = NO;
				GCC_OPTIMIZATION_LEVEL = 0;
				GCC_PREPROCESSOR_DEFINITIONS = (
					"DEBUG=1",
					"$(inherited)",
				);
				GCC_SYMBOLS_PRIVATE_EXTERN = NO;
				GCC_WARN_64_TO_32_BIT_CONVERSION = YES;
				GCC_WARN_ABOUT_RETURN_TYPE = YES_ERROR;
				GCC_WARN_UNDECLARED_SELECTOR = YES;
				GCC_WARN_UNINITIALIZED_AUTOS = YES_AGGRESSIVE;
				GCC_WARN_UNUSED_FUNCTION = YES;
				GCC_WARN_UNUSED_VARIABLE = YES;
				IPHONEOS_DEPLOYMENT_TARGET = 8.0;
				MTL_ENABLE_DEBUG_INFO = YES;
				ONLY_ACTIVE_ARCH = YES;
				SDKROOT = iphoneos;
				SWIFT_OPTIMIZATION_LEVEL = "-Onone";
				TARGETED_DEVICE_FAMILY = "1,2";
			};
			name = Debug;
		};
		4253C5EA19C45C050073F454 /* Release */ = {
			isa = XCBuildConfiguration;
			buildSettings = {
				ALWAYS_SEARCH_USER_PATHS = NO;
				CLANG_CXX_LANGUAGE_STANDARD = "gnu++0x";
				CLANG_CXX_LIBRARY = "libc++";
				CLANG_ENABLE_MODULES = YES;
				CLANG_ENABLE_OBJC_ARC = YES;
				CLANG_WARN_BOOL_CONVERSION = YES;
				CLANG_WARN_CONSTANT_CONVERSION = YES;
				CLANG_WARN_DIRECT_OBJC_ISA_USAGE = YES_ERROR;
				CLANG_WARN_EMPTY_BODY = YES;
				CLANG_WARN_ENUM_CONVERSION = YES;
				CLANG_WARN_INT_CONVERSION = YES;
				CLANG_WARN_OBJC_ROOT_CLASS = YES_ERROR;
				CLANG_WARN_UNREACHABLE_CODE = YES;
				CLANG_WARN__DUPLICATE_METHOD_MATCH = YES;
				"CODE_SIGN_IDENTITY[sdk=iphoneos*]" = "iPhone Developer";
				COPY_PHASE_STRIP = YES;
				ENABLE_NS_ASSERTIONS = NO;
				ENABLE_STRICT_OBJC_MSGSEND = YES;
				GCC_C_LANGUAGE_STANDARD = gnu99;
				GCC_WARN_64_TO_32_BIT_CONVERSION = YES;
				GCC_WARN_ABOUT_RETURN_TYPE = YES_ERROR;
				GCC_WARN_UNDECLARED_SELECTOR = YES;
				GCC_WARN_UNINITIALIZED_AUTOS = YES_AGGRESSIVE;
				GCC_WARN_UNUSED_FUNCTION = YES;
				GCC_WARN_UNUSED_VARIABLE = YES;
				IPHONEOS_DEPLOYMENT_TARGET = 8.0;
				MTL_ENABLE_DEBUG_INFO = NO;
				SDKROOT = iphoneos;
				TARGETED_DEVICE_FAMILY = "1,2";
				VALIDATE_PRODUCT = YES;
			};
			name = Release;
		};
		4253C5EC19C45C050073F454 /* Debug */ = {
			isa = XCBuildConfiguration;
			buildSettings = {
				ASSETCATALOG_COMPILER_APPICON_NAME = AppIcon;
				INFOPLIST_FILE = Disaster/Info.plist;
				LD_RUNPATH_SEARCH_PATHS = "$(inherited) @executable_path/Frameworks";
				PRODUCT_NAME = "$(TARGET_NAME)";
			};
			name = Debug;
		};
		4253C5ED19C45C050073F454 /* Release */ = {
			isa = XCBuildConfiguration;
			buildSettings = {
				ASSETCATALOG_COMPILER_APPICON_NAME = AppIcon;
				INFOPLIST_FILE = Disaster/Info.plist;
				LD_RUNPATH_SEARCH_PATHS = "$(inherited) @executable_path/Frameworks";
				PRODUCT_NAME = "$(TARGET_NAME)";
			};
			name = Release;
		};
		4253C5EF19C45C050073F454 /* Debug */ = {
			isa = XCBuildConfiguration;
			buildSettings = {
				BUNDLE_LOADER = "$(TEST_HOST)";
				FRAMEWORK_SEARCH_PATHS = (
					"$(SDKROOT)/Developer/Library/Frameworks",
					"$(inherited)",
				);
				GCC_PREPROCESSOR_DEFINITIONS = (
					"DEBUG=1",
					"$(inherited)",
				);
				INFOPLIST_FILE = DisasterTests/Info.plist;
				LD_RUNPATH_SEARCH_PATHS = "$(inherited) @executable_path/Frameworks @loader_path/Frameworks";
				PRODUCT_NAME = "$(TARGET_NAME)";
				TEST_HOST = "$(BUILT_PRODUCTS_DIR)/Disaster.app/Disaster";
			};
			name = Debug;
		};
		4253C5F019C45C050073F454 /* Release */ = {
			isa = XCBuildConfiguration;
			buildSettings = {
				BUNDLE_LOADER = "$(TEST_HOST)";
				FRAMEWORK_SEARCH_PATHS = (
					"$(SDKROOT)/Developer/Library/Frameworks",
					"$(inherited)",
				);
				INFOPLIST_FILE = DisasterTests/Info.plist;
				LD_RUNPATH_SEARCH_PATHS = "$(inherited) @executable_path/Frameworks @loader_path/Frameworks";
				PRODUCT_NAME = "$(TARGET_NAME)";
				TEST_HOST = "$(BUILT_PRODUCTS_DIR)/Disaster.app/Disaster";
			};
			name = Release;
		};
/* End XCBuildConfiguration section */

/* Begin XCConfigurationList section */
		4253C5C719C45C040073F454 /* Build configuration list for PBXProject "Disaster" */ = {
			isa = XCConfigurationList;
			buildConfigurations = (
				4253C5E919C45C050073F454 /* Debug */,
				4253C5EA19C45C050073F454 /* Release */,
			);
			defaultConfigurationIsVisible = 0;
			defaultConfigurationName = Release;
		};
		4253C5EB19C45C050073F454 /* Build configuration list for PBXNativeTarget "Disaster" */ = {
			isa = XCConfigurationList;
			buildConfigurations = (
				4253C5EC19C45C050073F454 /* Debug */,
				4253C5ED19C45C050073F454 /* Release */,
			);
			defaultConfigurationIsVisible = 0;
			defaultConfigurationName = Release;
		};
		4253C5EE19C45C050073F454 /* Build configuration list for PBXNativeTarget "DisasterTests" */ = {
			isa = XCConfigurationList;
			buildConfigurations = (
				4253C5EF19C45C050073F454 /* Debug */,
				4253C5F019C45C050073F454 /* Release */,
			);
			defaultConfigurationIsVisible = 0;
			defaultConfigurationName = Release;
		};
/* End XCConfigurationList section */
	};
	rootObject = 4253C5C419C45C040073F454 /* Project object */;
}
